
Microsoft Visual Studio Solution File, Format Version 12.00
# Visual Studio Version 17
VisualStudioVersion = 17.10.35013.160
MinimumVisualStudioVersion = 10.0.40219.1
Project("{9A19103F-16F7-4668-BE54-9A1E7A4F7556}") = "Main", "Main\Main.csproj", "{22972E3C-3092-448F-83ED-09EAC0F63F87}"
EndProject
Project("{FAE04EC0-301F-11D3-BF4B-00C04F79EFBC}") = "GestionMap", "GestionMap\GestionMap.csproj", "{2C6D141E-6CC8-46DC-A8BF-2C6D172BB547}"
EndProject
Global
	GlobalSection(SolutionConfigurationPlatforms) = preSolution
		Debug|Any CPU = Debug|Any CPU
		Release|Any CPU = Release|Any CPU
	EndGlobalSection
	GlobalSection(ProjectConfigurationPlatforms) = postSolution
		{22972E3C-3092-448F-83ED-09EAC0F63F87}.Debug|Any CPU.ActiveCfg = Debug|Any CPU
		{22972E3C-3092-448F-83ED-09EAC0F63F87}.Debug|Any CPU.Build.0 = Debug|Any CPU
		{22972E3C-3092-448F-83ED-09EAC0F63F87}.Release|Any CPU.ActiveCfg = Release|Any CPU
		{22972E3C-3092-448F-83ED-09EAC0F63F87}.Release|Any CPU.Build.0 = Release|Any CPU
		{2C6D141E-6CC8-46DC-A8BF-2C6D172BB547}.Debug|Any CPU.ActiveCfg = Debug|Any CPU
		{2C6D141E-6CC8-46DC-A8BF-2C6D172BB547}.Debug|Any CPU.Build.0 = Debug|Any CPU
		{2C6D141E-6CC8-46DC-A8BF-2C6D172BB547}.Release|Any CPU.ActiveCfg = Release|Any CPU
		{2C6D141E-6CC8-46DC-A8BF-2C6D172BB547}.Release|Any CPU.Build.0 = Release|Any CPU
	EndGlobalSection
	GlobalSection(SolutionProperties) = preSolution
		HideSolutionNode = FALSE
	EndGlobalSection
	GlobalSection(ExtensibilityGlobals) = postSolution
		SolutionGuid = {5AAEAD3F-F9C0-48B3-A447-F89EEDB39806}
	EndGlobalSection
EndGlobal
